
Microsoft Visual Studio Solution File, Format Version 12.00
# Visual Studio Version 16
VisualStudioVersion = 16.0.30406.217
MinimumVisualStudioVersion = 10.0.40219.1
Project("{9A19103F-16F7-4668-BE54-9A1E7A4F7556}") = "Day1", "Day1\Day1.csproj", "{66630C7B-7B4D-4E61-A7A1-3A28046AC90E}"
EndProject
Project("{FAE04EC0-301F-11D3-BF4B-00C04F79EFBC}") = "Day2", "Day2\Day2.csproj", "{25F4C7A6-AACB-40B2-8E3F-A1430DA6BD7C}"
EndProject
Project("{FAE04EC0-301F-11D3-BF4B-00C04F79EFBC}") = "Day4", "Day4\Day4.csproj", "{C90AD162-0349-47E3-A973-DC1998ADC5CC}"
EndProject
Project("{FAE04EC0-301F-11D3-BF4B-00C04F79EFBC}") = "Day5", "Day5\Day5.csproj", "{2ED2BEFD-E7A6-4565-8E28-DEB06627286A}"
EndProject
Project("{FAE04EC0-301F-11D3-BF4B-00C04F79EFBC}") = "Day6", "Day6\Day6.csproj", "{4F8C2077-FB9F-47F5-B11B-7DF3E0CD675C}"
EndProject
Project("{FAE04EC0-301F-11D3-BF4B-00C04F79EFBC}") = "Common", "Common\Common.csproj", "{61BF07CE-DB33-4E87-AB9A-00FD286856F5}"
EndProject
Project("{FAE04EC0-301F-11D3-BF4B-00C04F79EFBC}") = "Day3", "Day3\Day3.csproj", "{2C51AF9A-AEF7-4D75-BEF6-E47C6B5DF62A}"
EndProject
Project("{FAE04EC0-301F-11D3-BF4B-00C04F79EFBC}") = "Day7", "Day7\Day7.csproj", "{BD909209-EBC8-4BD0-9092-0005EF98E046}"
EndProject
Project("{FAE04EC0-301F-11D3-BF4B-00C04F79EFBC}") = "Day8", "Day8\Day8.csproj", "{1CCB4DBE-1A9A-4757-B9BA-63F44AFB8EAB}"
EndProject
Global
	GlobalSection(SolutionConfigurationPlatforms) = preSolution
		Debug|Any CPU = Debug|Any CPU
		Release|Any CPU = Release|Any CPU
	EndGlobalSection
	GlobalSection(ProjectConfigurationPlatforms) = postSolution
		{66630C7B-7B4D-4E61-A7A1-3A28046AC90E}.Debug|Any CPU.ActiveCfg = Debug|Any CPU
		{66630C7B-7B4D-4E61-A7A1-3A28046AC90E}.Debug|Any CPU.Build.0 = Debug|Any CPU
		{66630C7B-7B4D-4E61-A7A1-3A28046AC90E}.Release|Any CPU.ActiveCfg = Release|Any CPU
		{66630C7B-7B4D-4E61-A7A1-3A28046AC90E}.Release|Any CPU.Build.0 = Release|Any CPU
		{25F4C7A6-AACB-40B2-8E3F-A1430DA6BD7C}.Debug|Any CPU.ActiveCfg = Debug|Any CPU
		{25F4C7A6-AACB-40B2-8E3F-A1430DA6BD7C}.Debug|Any CPU.Build.0 = Debug|Any CPU
		{25F4C7A6-AACB-40B2-8E3F-A1430DA6BD7C}.Release|Any CPU.ActiveCfg = Release|Any CPU
		{25F4C7A6-AACB-40B2-8E3F-A1430DA6BD7C}.Release|Any CPU.Build.0 = Release|Any CPU
		{C90AD162-0349-47E3-A973-DC1998ADC5CC}.Debug|Any CPU.ActiveCfg = Debug|Any CPU
		{C90AD162-0349-47E3-A973-DC1998ADC5CC}.Debug|Any CPU.Build.0 = Debug|Any CPU
		{C90AD162-0349-47E3-A973-DC1998ADC5CC}.Release|Any CPU.ActiveCfg = Release|Any CPU
		{C90AD162-0349-47E3-A973-DC1998ADC5CC}.Release|Any CPU.Build.0 = Release|Any CPU
		{2ED2BEFD-E7A6-4565-8E28-DEB06627286A}.Debug|Any CPU.ActiveCfg = Debug|Any CPU
		{2ED2BEFD-E7A6-4565-8E28-DEB06627286A}.Debug|Any CPU.Build.0 = Debug|Any CPU
		{2ED2BEFD-E7A6-4565-8E28-DEB06627286A}.Release|Any CPU.ActiveCfg = Release|Any CPU
		{2ED2BEFD-E7A6-4565-8E28-DEB06627286A}.Release|Any CPU.Build.0 = Release|Any CPU
		{4F8C2077-FB9F-47F5-B11B-7DF3E0CD675C}.Debug|Any CPU.ActiveCfg = Debug|Any CPU
		{4F8C2077-FB9F-47F5-B11B-7DF3E0CD675C}.Debug|Any CPU.Build.0 = Debug|Any CPU
		{4F8C2077-FB9F-47F5-B11B-7DF3E0CD675C}.Release|Any CPU.ActiveCfg = Release|Any CPU
		{4F8C2077-FB9F-47F5-B11B-7DF3E0CD675C}.Release|Any CPU.Build.0 = Release|Any CPU
		{61BF07CE-DB33-4E87-AB9A-00FD286856F5}.Debug|Any CPU.ActiveCfg = Debug|Any CPU
		{61BF07CE-DB33-4E87-AB9A-00FD286856F5}.Debug|Any CPU.Build.0 = Debug|Any CPU
		{61BF07CE-DB33-4E87-AB9A-00FD286856F5}.Release|Any CPU.ActiveCfg = Release|Any CPU
		{61BF07CE-DB33-4E87-AB9A-00FD286856F5}.Release|Any CPU.Build.0 = Release|Any CPU
		{2C51AF9A-AEF7-4D75-BEF6-E47C6B5DF62A}.Debug|Any CPU.ActiveCfg = Debug|Any CPU
		{2C51AF9A-AEF7-4D75-BEF6-E47C6B5DF62A}.Debug|Any CPU.Build.0 = Debug|Any CPU
		{2C51AF9A-AEF7-4D75-BEF6-E47C6B5DF62A}.Release|Any CPU.ActiveCfg = Release|Any CPU
		{2C51AF9A-AEF7-4D75-BEF6-E47C6B5DF62A}.Release|Any CPU.Build.0 = Release|Any CPU
		{BD909209-EBC8-4BD0-9092-0005EF98E046}.Debug|Any CPU.ActiveCfg = Debug|Any CPU
		{BD909209-EBC8-4BD0-9092-0005EF98E046}.Debug|Any CPU.Build.0 = Debug|Any CPU
		{BD909209-EBC8-4BD0-9092-0005EF98E046}.Release|Any CPU.ActiveCfg = Release|Any CPU
		{BD909209-EBC8-4BD0-9092-0005EF98E046}.Release|Any CPU.Build.0 = Release|Any CPU
		{1CCB4DBE-1A9A-4757-B9BA-63F44AFB8EAB}.Debug|Any CPU.ActiveCfg = Debug|Any CPU
		{1CCB4DBE-1A9A-4757-B9BA-63F44AFB8EAB}.Debug|Any CPU.Build.0 = Debug|Any CPU
		{1CCB4DBE-1A9A-4757-B9BA-63F44AFB8EAB}.Release|Any CPU.ActiveCfg = Release|Any CPU
		{1CCB4DBE-1A9A-4757-B9BA-63F44AFB8EAB}.Release|Any CPU.Build.0 = Release|Any CPU
	EndGlobalSection
	GlobalSection(SolutionProperties) = preSolution
		HideSolutionNode = FALSE
	EndGlobalSection
	GlobalSection(ExtensibilityGlobals) = postSolution
		SolutionGuid = {49D29912-A7B4-49A7-87BE-3DB0120D8262}
	EndGlobalSection
EndGlobal
